
Microsoft Visual Studio Solution File, Format Version 12.00
# Visual Studio Version 16
VisualStudioVersion = 16.0.30517.126
MinimumVisualStudioVersion = 10.0.40219.1
Project("{8BC9CEB8-8B4A-11D0-8D11-00A0C91BC942}") = "Kaleidoscope", "Kaleidoscope\Kaleidoscope.vcxproj", "{CE02D8EC-0D69-4A38-AE42-04EDB1084147}"
EndProject
Global
	GlobalSection(SolutionConfigurationPlatforms) = preSolution
		Debug|x86 = Debug|x86
		Release|x86 = Release|x86
	EndGlobalSection
	GlobalSection(ProjectConfigurationPlatforms) = postSolution
		{CE02D8EC-0D69-4A38-AE42-04EDB1084147}.Debug|x86.ActiveCfg = Debug|Win32
		{CE02D8EC-0D69-4A38-AE42-04EDB1084147}.Debug|x86.Build.0 = Debug|Win32
		{CE02D8EC-0D69-4A38-AE42-04EDB1084147}.Release|x86.ActiveCfg = Release|Win32
		{CE02D8EC-0D69-4A38-AE42-04EDB1084147}.Release|x86.Build.0 = Release|Win32
	EndGlobalSection
	GlobalSection(SolutionProperties) = preSolution
		HideSolutionNode = FALSE
	EndGlobalSection
	GlobalSection(ExtensibilityGlobals) = postSolution
		SolutionGuid = {C1989C22-F55E-40B0-B114-474AAE978031}
	EndGlobalSection
EndGlobal
